
Microsoft Visual Studio Solution File, Format Version 12.00
# Visual Studio Version 16
VisualStudioVersion = 16.0.30011.22
MinimumVisualStudioVersion = 10.0.40219.1
Project("{F184B08F-C81C-45F6-A57F-5ABD9991F28F}") = "BudgetCalculator", "BudgetCalculator\BudgetCalculator.vbproj", "{6F106E99-DB82-4CA8-B74F-B4AA8F8FD267}"
EndProject
Global
	GlobalSection(SolutionConfigurationPlatforms) = preSolution
		Debug|Any CPU = Debug|Any CPU
		Release|Any CPU = Release|Any CPU
	EndGlobalSection
	GlobalSection(ProjectConfigurationPlatforms) = postSolution
		{6F106E99-DB82-4CA8-B74F-B4AA8F8FD267}.Debug|Any CPU.ActiveCfg = Debug|Any CPU
		{6F106E99-DB82-4CA8-B74F-B4AA8F8FD267}.Debug|Any CPU.Build.0 = Debug|Any CPU
		{6F106E99-DB82-4CA8-B74F-B4AA8F8FD267}.Release|Any CPU.ActiveCfg = Release|Any CPU
		{6F106E99-DB82-4CA8-B74F-B4AA8F8FD267}.Release|Any CPU.Build.0 = Release|Any CPU
	EndGlobalSection
	GlobalSection(SolutionProperties) = preSolution
		HideSolutionNode = FALSE
	EndGlobalSection
	GlobalSection(ExtensibilityGlobals) = postSolution
		SolutionGuid = {4F8934B1-41A3-43D5-B70D-15105F30D85E}
	EndGlobalSection
EndGlobal
